{
  "version": 4,
  "terraform_version": "1.0.1",
  "serial": 178,
  "lineage": "1d0699d8-3bd0-1257-3b24-9bc2b0fc100c",
  "outputs": {
    "NS-servers-dns-phpsouthafrica-co-za": {
      "value": "ns1.digitalocean.com,ns2.digitalocean.com,ns3.digitalocean.com",
      "type": "string"
    },
    "NS-servers-dns-phpsouthafrica-org": {
      "value": "ns1.digitalocean.com,ns2.digitalocean.com,ns3.digitalocean.com",
      "type": "string"
    }
  },
  "resources": [
    {
      "mode": "data",
      "type": "digitalocean_records",
      "name": "NS-dns-phpsouthafrica-co-za",
      "provider": "provider[\"registry.terraform.io/digitalocean/digitalocean\"]",
      "instances": [
        {
          "schema_version": 0,
          "attributes": {
            "domain": "phpsouthafrica.co.za",
            "filter": [
              {
                "all": false,
                "key": "type",
                "match_by": "exact",
                "values": [
                  "NS"
                ]
              }
            ],
            "id": "records/12478021156325141688",
            "records": [
              {
                "domain": "phpsouthafrica.co.za",
                "flags": 0,
                "id": 156929113,
                "name": "@",
                "port": 0,
                "priority": 0,
                "tag": "",
                "ttl": 1800,
                "type": "NS",
                "value": "ns1.digitalocean.com",
                "weight": 0
              },
              {
                "domain": "phpsouthafrica.co.za",
                "flags": 0,
                "id": 156929115,
                "name": "@",
                "port": 0,
                "priority": 0,
                "tag": "",
                "ttl": 1800,
                "type": "NS",
                "value": "ns2.digitalocean.com",
                "weight": 0
              },
              {
                "domain": "phpsouthafrica.co.za",
                "flags": 0,
                "id": 156929120,
                "name": "@",
                "port": 0,
                "priority": 0,
                "tag": "",
                "ttl": 1800,
                "type": "NS",
                "value": "ns3.digitalocean.com",
                "weight": 0
              }
            ],
            "sort": null
          },
          "sensitive_attributes": []
        }
      ]
    },
    {
      "mode": "data",
      "type": "digitalocean_records",
      "name": "NS-dns-phpsouthafrica-org",
      "provider": "provider[\"registry.terraform.io/digitalocean/digitalocean\"]",
      "instances": [
        {
          "schema_version": 0,
          "attributes": {
            "domain": "phpsouthafrica.org",
            "filter": [
              {
                "all": false,
                "key": "type",
                "match_by": "exact",
                "values": [
                  "NS"
                ]
              }
            ],
            "id": "records/11625251827013783217",
            "records": [
              {
                "domain": "phpsouthafrica.org",
                "flags": 0,
                "id": 156929114,
                "name": "@",
                "port": 0,
                "priority": 0,
                "tag": "",
                "ttl": 1800,
                "type": "NS",
                "value": "ns1.digitalocean.com",
                "weight": 0
              },
              {
                "domain": "phpsouthafrica.org",
                "flags": 0,
                "id": 156929118,
                "name": "@",
                "port": 0,
                "priority": 0,
                "tag": "",
                "ttl": 1800,
                "type": "NS",
                "value": "ns2.digitalocean.com",
                "weight": 0
              },
              {
                "domain": "phpsouthafrica.org",
                "flags": 0,
                "id": 156929121,
                "name": "@",
                "port": 0,
                "priority": 0,
                "tag": "",
                "ttl": 1800,
                "type": "NS",
                "value": "ns3.digitalocean.com",
                "weight": 0
              }
            ],
            "sort": null
          },
          "sensitive_attributes": []
        }
      ]
    },
    {
      "mode": "managed",
      "type": "digitalocean_domain",
      "name": "dns-phpsouthafrica-co-za",
      "provider": "provider[\"registry.terraform.io/digitalocean/digitalocean\"]",
      "instances": [
        {
          "schema_version": 0,
          "attributes": {
            "id": "phpsouthafrica.co.za",
            "ip_address": null,
            "name": "phpsouthafrica.co.za",
            "urn": "do:domain:phpsouthafrica.co.za"
          },
          "sensitive_attributes": [],
          "private": "bnVsbA=="
        }
      ]
    },
    {
      "mode": "managed",
      "type": "digitalocean_domain",
      "name": "dns-phpsouthafrica-org",
      "provider": "provider[\"registry.terraform.io/digitalocean/digitalocean\"]",
      "instances": [
        {
          "schema_version": 0,
          "attributes": {
            "id": "phpsouthafrica.org",
            "ip_address": null,
            "name": "phpsouthafrica.org",
            "urn": "do:domain:phpsouthafrica.org"
          },
          "sensitive_attributes": [],
          "private": "bnVsbA=="
        }
      ]
    },
    {
      "mode": "managed",
      "type": "digitalocean_record",
      "name": "A-dev-dns-phpsouthafrica-co-za",
      "provider": "provider[\"registry.terraform.io/digitalocean/digitalocean\"]",
      "instances": [
        {
          "schema_version": 0,
          "attributes": {
            "domain": "phpsouthafrica.co.za",
            "flags": 0,
            "fqdn": "dev.phpsouthafrica.co.za",
            "id": "156929165",
            "name": "dev",
            "port": 0,
            "priority": 0,
            "tag": "",
            "ttl": 60,
            "type": "A",
            "value": "127.0.0.1",
            "weight": 0
          },
          "sensitive_attributes": [],
          "private": "bnVsbA==",
          "dependencies": [
            "digitalocean_domain.dns-phpsouthafrica-co-za"
          ]
        }
      ]
    },
    {
      "mode": "managed",
      "type": "digitalocean_record",
      "name": "A-dev-dns-phpsouthafrica-org",
      "provider": "provider[\"registry.terraform.io/digitalocean/digitalocean\"]",
      "instances": [
        {
          "schema_version": 0,
          "attributes": {
            "domain": "phpsouthafrica.org",
            "flags": 0,
            "fqdn": "dev.phpsouthafrica.org",
            "id": "156929156",
            "name": "dev",
            "port": 0,
            "priority": 0,
            "tag": "",
            "ttl": 60,
            "type": "A",
            "value": "127.0.0.1",
            "weight": 0
          },
          "sensitive_attributes": [],
          "private": "bnVsbA==",
          "dependencies": [
            "digitalocean_domain.dns-phpsouthafrica-org"
          ]
        }
      ]
    },
    {
      "mode": "managed",
      "type": "digitalocean_record",
      "name": "A-test-dns-phpsouthafrica-co-za",
      "provider": "provider[\"registry.terraform.io/digitalocean/digitalocean\"]",
      "instances": [
        {
          "schema_version": 0,
          "attributes": {
            "domain": "phpsouthafrica.co.za",
            "flags": 0,
            "fqdn": "test.phpsouthafrica.co.za",
            "id": "156929163",
            "name": "test",
            "port": 0,
            "priority": 0,
            "tag": "",
            "ttl": 60,
            "type": "A",
            "value": "127.0.0.1",
            "weight": 0
          },
          "sensitive_attributes": [],
          "private": "bnVsbA==",
          "dependencies": [
            "digitalocean_domain.dns-phpsouthafrica-co-za"
          ]
        }
      ]
    },
    {
      "mode": "managed",
      "type": "digitalocean_record",
      "name": "A-test-dns-phpsouthafrica-org",
      "provider": "provider[\"registry.terraform.io/digitalocean/digitalocean\"]",
      "instances": [
        {
          "schema_version": 0,
          "attributes": {
            "domain": "phpsouthafrica.org",
            "flags": 0,
            "fqdn": "test.phpsouthafrica.org",
            "id": "156929157",
            "name": "test",
            "port": 0,
            "priority": 0,
            "tag": "",
            "ttl": 60,
            "type": "A",
            "value": "127.0.0.1",
            "weight": 0
          },
          "sensitive_attributes": [],
          "private": "bnVsbA==",
          "dependencies": [
            "digitalocean_domain.dns-phpsouthafrica-org"
          ]
        }
      ]
    },
    {
      "mode": "managed",
      "type": "digitalocean_record",
      "name": "MX-aspmx2-dns-phpsouthafrica-co-za",
      "provider": "provider[\"registry.terraform.io/digitalocean/digitalocean\"]",
      "instances": [
        {
          "schema_version": 0,
          "attributes": {
            "domain": "phpsouthafrica.co.za",
            "flags": 0,
            "fqdn": "@.phpsouthafrica.co.za",
            "id": "156929167",
            "name": "@",
            "port": 0,
            "priority": 50,
            "tag": "",
            "ttl": 900,
            "type": "MX",
            "value": "fb.mail.gandi.net.",
            "weight": 0
          },
          "sensitive_attributes": [],
          "private": "bnVsbA==",
          "dependencies": [
            "digitalocean_domain.dns-phpsouthafrica-co-za"
          ]
        }
      ]
    },
    {
      "mode": "managed",
      "type": "digitalocean_record",
      "name": "MX-aspmx2-dns-phpsouthafrica-org",
      "provider": "provider[\"registry.terraform.io/digitalocean/digitalocean\"]",
      "instances": [
        {
          "schema_version": 0,
          "attributes": {
            "domain": "phpsouthafrica.org",
            "flags": 0,
            "fqdn": "@.phpsouthafrica.org",
            "id": "156929146",
            "name": "@",
            "port": 0,
            "priority": 50,
            "tag": "",
            "ttl": 900,
            "type": "MX",
            "value": "fb.mail.gandi.net.",
            "weight": 0
          },
          "sensitive_attributes": [],
          "private": "bnVsbA==",
          "dependencies": [
            "digitalocean_domain.dns-phpsouthafrica-org"
          ]
        }
      ]
    },
    {
      "mode": "managed",
      "type": "digitalocean_record",
      "name": "MX-aspmx3-dns-phpsouthafrica-co-za",
      "provider": "provider[\"registry.terraform.io/digitalocean/digitalocean\"]",
      "instances": [
        {
          "schema_version": 0,
          "attributes": {
            "domain": "phpsouthafrica.co.za",
            "flags": 0,
            "fqdn": "@.phpsouthafrica.co.za",
            "id": "156929175",
            "name": "@",
            "port": 0,
            "priority": 10,
            "tag": "",
            "ttl": 900,
            "type": "MX",
            "value": "spool.mail.gandi.net.",
            "weight": 0
          },
          "sensitive_attributes": [],
          "private": "bnVsbA==",
          "dependencies": [
            "digitalocean_domain.dns-phpsouthafrica-co-za"
          ]
        }
      ]
    },
    {
      "mode": "managed",
      "type": "digitalocean_record",
      "name": "MX-aspmx3-dns-phpsouthafrica-org",
      "provider": "provider[\"registry.terraform.io/digitalocean/digitalocean\"]",
      "instances": [
        {
          "schema_version": 0,
          "attributes": {
            "domain": "phpsouthafrica.org",
            "flags": 0,
            "fqdn": "@.phpsouthafrica.org",
            "id": "156929158",
            "name": "@",
            "port": 0,
            "priority": 10,
            "tag": "",
            "ttl": 900,
            "type": "MX",
            "value": "spool.mail.gandi.net.",
            "weight": 0
          },
          "sensitive_attributes": [],
          "private": "bnVsbA==",
          "dependencies": [
            "digitalocean_domain.dns-phpsouthafrica-org"
          ]
        }
      ]
    },
    {
      "mode": "managed",
      "type": "digitalocean_record",
      "name": "TXT-dns-phpsouthafrica-org_spf1",
      "provider": "provider[\"registry.terraform.io/digitalocean/digitalocean\"]",
      "instances": [
        {
          "schema_version": 0,
          "attributes": {
            "domain": "phpsouthafrica.org",
            "flags": 0,
            "fqdn": "@.phpsouthafrica.org",
            "id": "156929147",
            "name": "@",
            "port": 0,
            "priority": 0,
            "tag": "",
            "ttl": 900,
            "type": "TXT",
            "value": "v=spf1 include:_mailcust.gandi.net ?all",
            "weight": 0
          },
          "sensitive_attributes": [],
          "private": "bnVsbA==",
          "dependencies": [
            "digitalocean_domain.dns-phpsouthafrica-org"
          ]
        }
      ]
    }
  ]
}
