{
  "version": 4,
  "terraform_version": "0.14.8",
  "serial": 97,
  "lineage": "1d0699d8-3bd0-1257-3b24-9bc2b0fc100c",
  "outputs": {
    "NS-servers-dns-phpsouthafrica-co-za": {
      "value": "ns1.digitalocean.com,ns2.digitalocean.com,ns3.digitalocean.com",
      "type": "string"
    },
    "NS-servers-dns-phpsouthafrica-org": {
      "value": "ns1.digitalocean.com,ns2.digitalocean.com,ns3.digitalocean.com",
      "type": "string"
    },
    "web01-ipv4": {
      "value": "139.59.191.60",
      "type": "string"
    },
    "web01-ipv6": {
      "value": "2a03:b0c0:1:d0::d3f:2001",
      "type": "string"
    }
  },
  "resources": [
    {
      "mode": "data",
      "type": "digitalocean_records",
      "name": "NS-dns-phpsouthafrica-co-za",
      "provider": "provider[\"registry.terraform.io/digitalocean/digitalocean\"]",
      "instances": [
        {
          "schema_version": 0,
          "attributes": {
            "domain": "phpsouthafrica.co.za",
            "filter": [
              {
                "all": false,
                "key": "type",
                "match_by": "exact",
                "values": [
                  "NS"
                ]
              }
            ],
            "id": "terraform-20210324131514585100000002",
            "records": [
              {
                "domain": "phpsouthafrica.co.za",
                "flags": 0,
                "id": 141063846,
                "name": "@",
                "port": 0,
                "priority": 0,
                "tag": "",
                "ttl": 1800,
                "type": "NS",
                "value": "ns1.digitalocean.com",
                "weight": 0
              },
              {
                "domain": "phpsouthafrica.co.za",
                "flags": 0,
                "id": 141063847,
                "name": "@",
                "port": 0,
                "priority": 0,
                "tag": "",
                "ttl": 1800,
                "type": "NS",
                "value": "ns2.digitalocean.com",
                "weight": 0
              },
              {
                "domain": "phpsouthafrica.co.za",
                "flags": 0,
                "id": 141063849,
                "name": "@",
                "port": 0,
                "priority": 0,
                "tag": "",
                "ttl": 1800,
                "type": "NS",
                "value": "ns3.digitalocean.com",
                "weight": 0
              }
            ],
            "sort": null
          },
          "sensitive_attributes": []
        }
      ]
    },
    {
      "mode": "data",
      "type": "digitalocean_records",
      "name": "NS-dns-phpsouthafrica-org",
      "provider": "provider[\"registry.terraform.io/digitalocean/digitalocean\"]",
      "instances": [
        {
          "schema_version": 0,
          "attributes": {
            "domain": "phpsouthafrica.org",
            "filter": [
              {
                "all": false,
                "key": "type",
                "match_by": "exact",
                "values": [
                  "NS"
                ]
              }
            ],
            "id": "terraform-20210324131514301300000001",
            "records": [
              {
                "domain": "phpsouthafrica.org",
                "flags": 0,
                "id": 141063848,
                "name": "@",
                "port": 0,
                "priority": 0,
                "tag": "",
                "ttl": 1800,
                "type": "NS",
                "value": "ns1.digitalocean.com",
                "weight": 0
              },
              {
                "domain": "phpsouthafrica.org",
                "flags": 0,
                "id": 141063850,
                "name": "@",
                "port": 0,
                "priority": 0,
                "tag": "",
                "ttl": 1800,
                "type": "NS",
                "value": "ns2.digitalocean.com",
                "weight": 0
              },
              {
                "domain": "phpsouthafrica.org",
                "flags": 0,
                "id": 141063851,
                "name": "@",
                "port": 0,
                "priority": 0,
                "tag": "",
                "ttl": 1800,
                "type": "NS",
                "value": "ns3.digitalocean.com",
                "weight": 0
              }
            ],
            "sort": null
          },
          "sensitive_attributes": []
        }
      ]
    },
    {
      "mode": "managed",
      "type": "digitalocean_domain",
      "name": "dns-phpsouthafrica-co-za",
      "provider": "provider[\"registry.terraform.io/digitalocean/digitalocean\"]",
      "instances": [
        {
          "schema_version": 0,
          "attributes": {
            "id": "phpsouthafrica.co.za",
            "ip_address": null,
            "name": "phpsouthafrica.co.za",
            "urn": "do:domain:phpsouthafrica.co.za"
          },
          "sensitive_attributes": [],
          "private": "bnVsbA=="
        }
      ]
    },
    {
      "mode": "managed",
      "type": "digitalocean_domain",
      "name": "dns-phpsouthafrica-org",
      "provider": "provider[\"registry.terraform.io/digitalocean/digitalocean\"]",
      "instances": [
        {
          "schema_version": 0,
          "attributes": {
            "id": "phpsouthafrica.org",
            "ip_address": null,
            "name": "phpsouthafrica.org",
            "urn": "do:domain:phpsouthafrica.org"
          },
          "sensitive_attributes": [],
          "private": "bnVsbA=="
        }
      ]
    },
    {
      "mode": "managed",
      "type": "digitalocean_droplet",
      "name": "web",
      "provider": "provider[\"registry.terraform.io/digitalocean/digitalocean\"]",
      "instances": [
        {
          "schema_version": 1,
          "attributes": {
            "backups": false,
            "created_at": "2021-03-17T11:54:17Z",
            "disk": 25,
            "id": "237331001",
            "image": "ubuntu-20-10-x64",
            "ipv4_address": "139.59.191.60",
            "ipv4_address_private": "10.106.0.2",
            "ipv6": true,
            "ipv6_address": "2a03:b0c0:1:d0::d3f:2001",
            "locked": false,
            "memory": 1024,
            "monitoring": false,
            "name": "web01.phpsouthafrica.co.za",
            "price_hourly": 0.00744,
            "price_monthly": 5,
            "private_networking": true,
            "region": "lon1",
            "resize_disk": true,
            "size": "s-1vcpu-1gb",
            "ssh_keys": [
              "29823175"
            ],
            "status": "active",
            "tags": [],
            "urn": "do:droplet:237331001",
            "user_data": null,
            "vcpus": 1,
            "volume_ids": [],
            "vpc_uuid": "9fc24d3c-2701-492c-a9b2-3ca16aecc7b4"
          },
          "sensitive_attributes": [],
          "private": "eyJzY2hlbWFfdmVyc2lvbiI6IjEifQ==",
          "dependencies": [
            "digitalocean_ssh_key.tim-ssh"
          ]
        }
      ]
    },
    {
      "mode": "managed",
      "type": "digitalocean_record",
      "name": "A-dev-dns-phpsouthafrica-co-za",
      "provider": "provider[\"registry.terraform.io/digitalocean/digitalocean\"]",
      "instances": [
        {
          "schema_version": 0,
          "attributes": {
            "domain": "phpsouthafrica.co.za",
            "flags": 0,
            "fqdn": "dev.phpsouthafrica.co.za",
            "id": "141063865",
            "name": "dev",
            "port": 0,
            "priority": 0,
            "tag": "",
            "ttl": 60,
            "type": "A",
            "value": "127.0.0.1",
            "weight": 0
          },
          "sensitive_attributes": [],
          "private": "bnVsbA==",
          "dependencies": [
            "digitalocean_domain.dns-phpsouthafrica-co-za"
          ]
        }
      ]
    },
    {
      "mode": "managed",
      "type": "digitalocean_record",
      "name": "A-dev-dns-phpsouthafrica-org",
      "provider": "provider[\"registry.terraform.io/digitalocean/digitalocean\"]",
      "instances": [
        {
          "schema_version": 0,
          "attributes": {
            "domain": "phpsouthafrica.org",
            "flags": 0,
            "fqdn": "dev.phpsouthafrica.org",
            "id": "141063858",
            "name": "dev",
            "port": 0,
            "priority": 0,
            "tag": "",
            "ttl": 60,
            "type": "A",
            "value": "127.0.0.1",
            "weight": 0
          },
          "sensitive_attributes": [],
          "private": "bnVsbA==",
          "dependencies": [
            "digitalocean_domain.dns-phpsouthafrica-org"
          ]
        }
      ]
    },
    {
      "mode": "managed",
      "type": "digitalocean_record",
      "name": "A-dns-phpsouthafrica-co-za",
      "provider": "provider[\"registry.terraform.io/digitalocean/digitalocean\"]",
      "instances": [
        {
          "schema_version": 0,
          "attributes": {
            "domain": "phpsouthafrica.co.za",
            "flags": 0,
            "fqdn": "@.phpsouthafrica.co.za",
            "id": "141063948",
            "name": "@",
            "port": 0,
            "priority": 0,
            "tag": "",
            "ttl": 60,
            "type": "A",
            "value": "185.199.108.153",
            "weight": 0
          },
          "sensitive_attributes": [],
          "private": "bnVsbA==",
          "dependencies": [
            "digitalocean_domain.dns-phpsouthafrica-co-za"
          ]
        }
      ]
    },
    {
      "mode": "managed",
      "type": "digitalocean_record",
      "name": "A-dns-phpsouthafrica-org",
      "provider": "provider[\"registry.terraform.io/digitalocean/digitalocean\"]",
      "instances": [
        {
          "schema_version": 0,
          "attributes": {
            "domain": "phpsouthafrica.org",
            "flags": 0,
            "fqdn": "@.phpsouthafrica.org",
            "id": "141063857",
            "name": "@",
            "port": 0,
            "priority": 0,
            "tag": "",
            "ttl": 60,
            "type": "A",
            "value": "185.199.108.153",
            "weight": 0
          },
          "sensitive_attributes": [],
          "private": "bnVsbA==",
          "dependencies": [
            "digitalocean_domain.dns-phpsouthafrica-org"
          ]
        }
      ]
    },
    {
      "mode": "managed",
      "type": "digitalocean_record",
      "name": "A-test-dns-phpsouthafrica-co-za",
      "provider": "provider[\"registry.terraform.io/digitalocean/digitalocean\"]",
      "instances": [
        {
          "schema_version": 0,
          "attributes": {
            "domain": "phpsouthafrica.co.za",
            "flags": 0,
            "fqdn": "test.phpsouthafrica.co.za",
            "id": "141063862",
            "name": "test",
            "port": 0,
            "priority": 0,
            "tag": "",
            "ttl": 60,
            "type": "A",
            "value": "127.0.0.1",
            "weight": 0
          },
          "sensitive_attributes": [],
          "private": "bnVsbA==",
          "dependencies": [
            "digitalocean_domain.dns-phpsouthafrica-co-za"
          ]
        }
      ]
    },
    {
      "mode": "managed",
      "type": "digitalocean_record",
      "name": "A-test-dns-phpsouthafrica-org",
      "provider": "provider[\"registry.terraform.io/digitalocean/digitalocean\"]",
      "instances": [
        {
          "schema_version": 0,
          "attributes": {
            "domain": "phpsouthafrica.org",
            "flags": 0,
            "fqdn": "test.phpsouthafrica.org",
            "id": "141063853",
            "name": "test",
            "port": 0,
            "priority": 0,
            "tag": "",
            "ttl": 60,
            "type": "A",
            "value": "127.0.0.1",
            "weight": 0
          },
          "sensitive_attributes": [],
          "private": "bnVsbA==",
          "dependencies": [
            "digitalocean_domain.dns-phpsouthafrica-org"
          ]
        }
      ]
    },
    {
      "mode": "managed",
      "type": "digitalocean_record",
      "name": "A-web01-dns-phpsouthafrica-co-za",
      "provider": "provider[\"registry.terraform.io/digitalocean/digitalocean\"]",
      "instances": [
        {
          "schema_version": 0,
          "attributes": {
            "domain": "phpsouthafrica.co.za",
            "flags": 0,
            "fqdn": "web01.phpsouthafrica.co.za",
            "id": "142112924",
            "name": "web01",
            "port": 0,
            "priority": 0,
            "tag": "",
            "ttl": 60,
            "type": "A",
            "value": "139.59.191.60",
            "weight": 0
          },
          "sensitive_attributes": [],
          "private": "bnVsbA==",
          "dependencies": [
            "digitalocean_domain.dns-phpsouthafrica-co-za",
            "digitalocean_droplet.web",
            "digitalocean_ssh_key.tim-ssh"
          ]
        }
      ]
    },
    {
      "mode": "managed",
      "type": "digitalocean_record",
      "name": "A-web01-dns-phpsouthafrica-org",
      "provider": "provider[\"registry.terraform.io/digitalocean/digitalocean\"]",
      "instances": [
        {
          "schema_version": 0,
          "attributes": {
            "domain": "phpsouthafrica.org",
            "flags": 0,
            "fqdn": "web01.phpsouthafrica.org",
            "id": "142112929",
            "name": "web01",
            "port": 0,
            "priority": 0,
            "tag": "",
            "ttl": 60,
            "type": "A",
            "value": "139.59.191.60",
            "weight": 0
          },
          "sensitive_attributes": [],
          "private": "bnVsbA==",
          "dependencies": [
            "digitalocean_domain.dns-phpsouthafrica-org",
            "digitalocean_droplet.web",
            "digitalocean_ssh_key.tim-ssh"
          ]
        }
      ]
    },
    {
      "mode": "managed",
      "type": "digitalocean_record",
      "name": "A-www-dns-phpsouthafrica-co-za",
      "provider": "provider[\"registry.terraform.io/digitalocean/digitalocean\"]",
      "instances": [
        {
          "schema_version": 0,
          "attributes": {
            "domain": "phpsouthafrica.co.za",
            "flags": 0,
            "fqdn": "www.phpsouthafrica.co.za",
            "id": "141063944",
            "name": "www",
            "port": 0,
            "priority": 0,
            "tag": "",
            "ttl": 60,
            "type": "A",
            "value": "185.199.108.153",
            "weight": 0
          },
          "sensitive_attributes": [],
          "private": "bnVsbA==",
          "dependencies": [
            "digitalocean_domain.dns-phpsouthafrica-co-za"
          ]
        }
      ]
    },
    {
      "mode": "managed",
      "type": "digitalocean_record",
      "name": "A-www-dns-phpsouthafrica-org",
      "provider": "provider[\"registry.terraform.io/digitalocean/digitalocean\"]",
      "instances": [
        {
          "schema_version": 0,
          "attributes": {
            "domain": "phpsouthafrica.org",
            "flags": 0,
            "fqdn": "www.phpsouthafrica.org",
            "id": "141349586",
            "name": "www",
            "port": 0,
            "priority": 0,
            "tag": "",
            "ttl": 60,
            "type": "A",
            "value": "185.199.108.153",
            "weight": 0
          },
          "sensitive_attributes": [],
          "private": "bnVsbA==",
          "dependencies": [
            "digitalocean_domain.dns-phpsouthafrica-org"
          ]
        }
      ]
    },
    {
      "mode": "managed",
      "type": "digitalocean_record",
      "name": "AAAA-web01-dns-phpsouthafrica-co-za",
      "provider": "provider[\"registry.terraform.io/digitalocean/digitalocean\"]",
      "instances": [
        {
          "schema_version": 0,
          "attributes": {
            "domain": "phpsouthafrica.co.za",
            "flags": 0,
            "fqdn": "web01.phpsouthafrica.co.za",
            "id": "142112930",
            "name": "web01",
            "port": 0,
            "priority": 0,
            "tag": "",
            "ttl": 60,
            "type": "AAAA",
            "value": "2a03:b0c0:1:d0::d3f:2001",
            "weight": 0
          },
          "sensitive_attributes": [],
          "private": "bnVsbA==",
          "dependencies": [
            "digitalocean_domain.dns-phpsouthafrica-co-za",
            "digitalocean_droplet.web",
            "digitalocean_ssh_key.tim-ssh"
          ]
        }
      ]
    },
    {
      "mode": "managed",
      "type": "digitalocean_record",
      "name": "AAAA-web01-dns-phpsouthafrica-org",
      "provider": "provider[\"registry.terraform.io/digitalocean/digitalocean\"]",
      "instances": [
        {
          "schema_version": 0,
          "attributes": {
            "domain": "phpsouthafrica.org",
            "flags": 0,
            "fqdn": "web01.phpsouthafrica.org",
            "id": "142112923",
            "name": "web01",
            "port": 0,
            "priority": 0,
            "tag": "",
            "ttl": 60,
            "type": "AAAA",
            "value": "2a03:b0c0:1:d0::d3f:2001",
            "weight": 0
          },
          "sensitive_attributes": [],
          "private": "bnVsbA==",
          "dependencies": [
            "digitalocean_domain.dns-phpsouthafrica-org",
            "digitalocean_droplet.web",
            "digitalocean_ssh_key.tim-ssh"
          ]
        }
      ]
    },
    {
      "mode": "managed",
      "type": "digitalocean_record",
      "name": "MX-aspmx2-dns-phpsouthafrica-co-za",
      "provider": "provider[\"registry.terraform.io/digitalocean/digitalocean\"]",
      "instances": [
        {
          "schema_version": 0,
          "attributes": {
            "domain": "phpsouthafrica.co.za",
            "flags": 0,
            "fqdn": "@.phpsouthafrica.co.za",
            "id": "141063864",
            "name": "@",
            "port": 0,
            "priority": 50,
            "tag": "",
            "ttl": 900,
            "type": "MX",
            "value": "fb.mail.gandi.net.",
            "weight": 0
          },
          "sensitive_attributes": [],
          "private": "bnVsbA==",
          "dependencies": [
            "digitalocean_domain.dns-phpsouthafrica-co-za"
          ]
        }
      ]
    },
    {
      "mode": "managed",
      "type": "digitalocean_record",
      "name": "MX-aspmx2-dns-phpsouthafrica-org",
      "provider": "provider[\"registry.terraform.io/digitalocean/digitalocean\"]",
      "instances": [
        {
          "schema_version": 0,
          "attributes": {
            "domain": "phpsouthafrica.org",
            "flags": 0,
            "fqdn": "@.phpsouthafrica.org",
            "id": "141063855",
            "name": "@",
            "port": 0,
            "priority": 50,
            "tag": "",
            "ttl": 900,
            "type": "MX",
            "value": "fb.mail.gandi.net.",
            "weight": 0
          },
          "sensitive_attributes": [],
          "private": "bnVsbA==",
          "dependencies": [
            "digitalocean_domain.dns-phpsouthafrica-org"
          ]
        }
      ]
    },
    {
      "mode": "managed",
      "type": "digitalocean_record",
      "name": "MX-aspmx3-dns-phpsouthafrica-co-za",
      "provider": "provider[\"registry.terraform.io/digitalocean/digitalocean\"]",
      "instances": [
        {
          "schema_version": 0,
          "attributes": {
            "domain": "phpsouthafrica.co.za",
            "flags": 0,
            "fqdn": "@.phpsouthafrica.co.za",
            "id": "141063863",
            "name": "@",
            "port": 0,
            "priority": 10,
            "tag": "",
            "ttl": 900,
            "type": "MX",
            "value": "spool.mail.gandi.net.",
            "weight": 0
          },
          "sensitive_attributes": [],
          "private": "bnVsbA==",
          "dependencies": [
            "digitalocean_domain.dns-phpsouthafrica-co-za"
          ]
        }
      ]
    },
    {
      "mode": "managed",
      "type": "digitalocean_record",
      "name": "MX-aspmx3-dns-phpsouthafrica-org",
      "provider": "provider[\"registry.terraform.io/digitalocean/digitalocean\"]",
      "instances": [
        {
          "schema_version": 0,
          "attributes": {
            "domain": "phpsouthafrica.org",
            "flags": 0,
            "fqdn": "@.phpsouthafrica.org",
            "id": "141063854",
            "name": "@",
            "port": 0,
            "priority": 10,
            "tag": "",
            "ttl": 900,
            "type": "MX",
            "value": "spool.mail.gandi.net.",
            "weight": 0
          },
          "sensitive_attributes": [],
          "private": "bnVsbA==",
          "dependencies": [
            "digitalocean_domain.dns-phpsouthafrica-org"
          ]
        }
      ]
    },
    {
      "mode": "managed",
      "type": "digitalocean_record",
      "name": "TXT-dns-phpsouthafrica-org_spf1",
      "provider": "provider[\"registry.terraform.io/digitalocean/digitalocean\"]",
      "instances": [
        {
          "schema_version": 0,
          "attributes": {
            "domain": "phpsouthafrica.org",
            "flags": 0,
            "fqdn": "@.phpsouthafrica.org",
            "id": "141349585",
            "name": "@",
            "port": 0,
            "priority": 0,
            "tag": "",
            "ttl": 900,
            "type": "TXT",
            "value": "v=spf1 include:_mailcust.gandi.net ?all",
            "weight": 0
          },
          "sensitive_attributes": [],
          "private": "bnVsbA==",
          "dependencies": [
            "digitalocean_domain.dns-phpsouthafrica-org"
          ]
        }
      ]
    },
    {
      "mode": "managed",
      "type": "digitalocean_ssh_key",
      "name": "tim-ssh",
      "provider": "provider[\"registry.terraform.io/digitalocean/digitalocean\"]",
      "instances": [
        {
          "schema_version": 0,
          "attributes": {
            "fingerprint": "2b:cf:c9:74:b8:d6:ca:1b:73:5c:84:75:0a:88:b7:2f",
            "id": "29823175",
            "name": "Tim SSH Key",
            "public_key": "ssh-rsa AAAAB3NzaC1yc2EAAAADAQABAAABAQC6Rd38ao7rX8M1mUrm4sOleWZIBLhpgBUBc2PxuqGS0Rf4UBrxT2/nE/R0EosnSYuFJJF26TJ/L15mwTIgqhXGN1Z92NgYplZzeSBQW7/lhq79n7CBXrLI3RemUoH879De2/wMFHnHwTrrLc4H/JdPsrwmROnsD4qnNWNOzwCQnXjKvkNEQd+2kzeFO/TdqIydmA5PthFLgVv3w0HVMgRJQRLmSTli2spxDmiTfR71pfRdh8MHJgIPObT3EzlhYkJCk2avT0kIGZPD0PTMpT9G5qFCjqE6fzwtV8ld2ytp0Q2It7ldbhfXOhb+7akMoHecxmTZanirTvu7qJwQHM9Z timhaak@mac"
          },
          "sensitive_attributes": [],
          "private": "bnVsbA=="
        }
      ]
    }
  ]
}
